
Microsoft Visual Studio Solution File, Format Version 12.00
# Visual Studio Version 16
VisualStudioVersion = 16.0.30804.86
MinimumVisualStudioVersion = 10.0.40219.1
Project("{FAE04EC0-301F-11D3-BF4B-00C04F79EFBC}") = "E3AutomationCSharp", "E3AutomationCSharp\E3AutomationCSharp.csproj", "{01A8E148-EC00-4E42-A4BD-A4E114583F02}"
EndProject
Project("{FAE04EC0-301F-11D3-BF4B-00C04F79EFBC}") = "Framework", "Framework\Framework.csproj", "{9010B214-33FD-4435-A9DF-2D74F154DEAA}"
EndProject
Global
	GlobalSection(SolutionConfigurationPlatforms) = preSolution
		Debug|Any CPU = Debug|Any CPU
		Release|Any CPU = Release|Any CPU
	EndGlobalSection
	GlobalSection(ProjectConfigurationPlatforms) = postSolution
		{01A8E148-EC00-4E42-A4BD-A4E114583F02}.Debug|Any CPU.ActiveCfg = Debug|Any CPU
		{01A8E148-EC00-4E42-A4BD-A4E114583F02}.Debug|Any CPU.Build.0 = Debug|Any CPU
		{01A8E148-EC00-4E42-A4BD-A4E114583F02}.Release|Any CPU.ActiveCfg = Release|Any CPU
		{01A8E148-EC00-4E42-A4BD-A4E114583F02}.Release|Any CPU.Build.0 = Release|Any CPU
		{9010B214-33FD-4435-A9DF-2D74F154DEAA}.Debug|Any CPU.ActiveCfg = Debug|Any CPU
		{9010B214-33FD-4435-A9DF-2D74F154DEAA}.Debug|Any CPU.Build.0 = Debug|Any CPU
		{9010B214-33FD-4435-A9DF-2D74F154DEAA}.Release|Any CPU.ActiveCfg = Release|Any CPU
		{9010B214-33FD-4435-A9DF-2D74F154DEAA}.Release|Any CPU.Build.0 = Release|Any CPU
	EndGlobalSection
	GlobalSection(SolutionProperties) = preSolution
		HideSolutionNode = FALSE
	EndGlobalSection
	GlobalSection(ExtensibilityGlobals) = postSolution
		SolutionGuid = {166C045C-D8AF-4992-B0D8-0B9D6D34C90B}
	EndGlobalSection
EndGlobal
